
Microsoft Visual Studio Solution File, Format Version 12.00
# Visual Studio Version 16
VisualStudioVersion = 16.0.31321.278
MinimumVisualStudioVersion = 10.0.40219.1
Project("{9A19103F-16F7-4668-BE54-9A1E7A4F7556}") = "Shopping.Client", "Shopping.Client\Shopping.Client.csproj", "{52796297-CFFC-4289-9061-CD75C2E0AB12}"
EndProject
Project("{9A19103F-16F7-4668-BE54-9A1E7A4F7556}") = "Shopping.API", "Shopping.API\Shopping.API.csproj", "{96430A4C-D2B7-4A7E-AE00-7E87FB16C5A5}"
EndProject
Project("{E53339B2-1760-4266-BCC7-CA923CBCF16C}") = "docker-compose", "docker-compose.dcproj", "{7D9B8E9E-9579-491B-9A46-E7FF93E167A9}"
EndProject
Global
	GlobalSection(SolutionConfigurationPlatforms) = preSolution
		Debug|Any CPU = Debug|Any CPU
		Release|Any CPU = Release|Any CPU
	EndGlobalSection
	GlobalSection(ProjectConfigurationPlatforms) = postSolution
		{52796297-CFFC-4289-9061-CD75C2E0AB12}.Debug|Any CPU.ActiveCfg = Debug|Any CPU
		{52796297-CFFC-4289-9061-CD75C2E0AB12}.Debug|Any CPU.Build.0 = Debug|Any CPU
		{52796297-CFFC-4289-9061-CD75C2E0AB12}.Release|Any CPU.ActiveCfg = Release|Any CPU
		{52796297-CFFC-4289-9061-CD75C2E0AB12}.Release|Any CPU.Build.0 = Release|Any CPU
		{96430A4C-D2B7-4A7E-AE00-7E87FB16C5A5}.Debug|Any CPU.ActiveCfg = Debug|Any CPU
		{96430A4C-D2B7-4A7E-AE00-7E87FB16C5A5}.Debug|Any CPU.Build.0 = Debug|Any CPU
		{96430A4C-D2B7-4A7E-AE00-7E87FB16C5A5}.Release|Any CPU.ActiveCfg = Release|Any CPU
		{96430A4C-D2B7-4A7E-AE00-7E87FB16C5A5}.Release|Any CPU.Build.0 = Release|Any CPU
		{7D9B8E9E-9579-491B-9A46-E7FF93E167A9}.Debug|Any CPU.ActiveCfg = Debug|Any CPU
		{7D9B8E9E-9579-491B-9A46-E7FF93E167A9}.Debug|Any CPU.Build.0 = Debug|Any CPU
		{7D9B8E9E-9579-491B-9A46-E7FF93E167A9}.Release|Any CPU.ActiveCfg = Release|Any CPU
		{7D9B8E9E-9579-491B-9A46-E7FF93E167A9}.Release|Any CPU.Build.0 = Release|Any CPU
	EndGlobalSection
	GlobalSection(SolutionProperties) = preSolution
		HideSolutionNode = FALSE
	EndGlobalSection
	GlobalSection(ExtensibilityGlobals) = postSolution
		SolutionGuid = {CCB2583E-70A0-4984-B1C4-6B72CF68B8CA}
	EndGlobalSection
EndGlobal
